{
  "name": "@hangtime/climbing-boards",
  "version": "1.0.51",
  "lockfileVersion": 3,
  "requires": true,
  "packages": {
    "": {
      "name": "@hangtime/climbing-boards",
      "version": "1.0.51",
      "license": "Unlicense",
      "dependencies": {
        "@powersync/node": "^0.18.7",
        "dotenv": "^17.4.2",
        "user-agents": "^2.1.77"
      },
      "devDependencies": {
        "@types/geojson": "^7946.0.16",
        "@types/node": "^22.19.19",
        "@types/user-agents": "^1.0.4",
        "typescript": "^6.0.3"
      },
      "engines": {
        "node": ">=22.18"
      }
    },
    "node_modules/@powersync/common": {
      "version": "1.53.2",
      "resolved": "https://registry.npmjs.org/@powersync/common/-/common-1.53.2.tgz",
      "integrity": "sha512-y+GtaLL4imFIWOatErIAEozNZPcIkAcA24c2Mso124ZFStOEeP8LJTSMDxPhyK14mzSnBk2dSjrOAjNz7m2B8g==",
      "license": "Apache-2.0",
      "dependencies": {
        "event-iterator": "^2.0.0",
        "js-logger": "^1.6.1"
      }
    },
    "node_modules/@powersync/node": {
      "version": "0.18.7",
      "resolved": "https://registry.npmjs.org/@powersync/node/-/node-0.18.7.tgz",
      "integrity": "sha512-JA/ymX7rZmfYCWHPGUf65UNjLUtzlWiLgGsAQ5HaDJ8CQxN6fp/Beua7D100rn7cHvZcSBLAcZWvNbPnpjMdmQ==",
      "license": "Apache-2.0",
      "dependencies": {
        "@powersync/common": "1.53.2",
        "comlink": "^4.4.2",
        "undici": "^7.11.0"
      },
      "peerDependencies": {
        "@powersync/common": "^1.53.2",
        "better-sqlite3": "12.x"
      },
      "peerDependenciesMeta": {
        "better-sqlite3": {
          "optional": true
        }
      }
    },
    "node_modules/@types/geojson": {
      "version": "7946.0.16",
      "resolved": "https://registry.npmjs.org/@types/geojson/-/geojson-7946.0.16.tgz",
      "integrity": "sha512-6C8nqWur3j98U6+lXDfTUWIfgvZU+EumvpHKcYjujKH7woYyLj2sUmff0tRhrqM7BohUw7Pz3ZB1jj2gW9Fvmg==",
      "dev": true,
      "license": "MIT"
    },
    "node_modules/@types/node": {
      "version": "22.19.19",
      "resolved": "https://registry.npmjs.org/@types/node/-/node-22.19.19.tgz",
      "integrity": "sha512-dyh/xO2Fh5bYrfWaaqGrRQQGkNdmYw6AmaAUvYeUMNTWQtvb796ikLdmTchRmOlOiIJ1TDXfWgVx1QkUlQ6Hew==",
      "dev": true,
      "license": "MIT",
      "dependencies": {
        "undici-types": "~6.21.0"
      }
    },
    "node_modules/@types/user-agents": {
      "version": "1.0.4",
      "resolved": "https://registry.npmjs.org/@types/user-agents/-/user-agents-1.0.4.tgz",
      "integrity": "sha512-AjeFc4oX5WPPflgKfRWWJfkEk7Wu82fnj1rROPsiqFt6yElpdGFg8Srtm/4PU4rA9UiDUZlruGPgcwTMQlwq4w==",
      "dev": true,
      "license": "MIT"
    },
    "node_modules/comlink": {
      "version": "4.4.2",
      "resolved": "https://registry.npmjs.org/comlink/-/comlink-4.4.2.tgz",
      "integrity": "sha512-OxGdvBmJuNKSCMO4NTl1L47VRp6xn2wG4F/2hYzB6tiCb709otOxtEYCSvK80PtjODfXXZu8ds+Nw5kVCjqd2g==",
      "license": "Apache-2.0"
    },
    "node_modules/dotenv": {
      "version": "17.4.2",
      "resolved": "https://registry.npmjs.org/dotenv/-/dotenv-17.4.2.tgz",
      "integrity": "sha512-nI4U3TottKAcAD9LLud4Cb7b2QztQMUEfHbvhTH09bqXTxnSie8WnjPALV/WMCrJZ6UV/qHJ6L03OqO3LcdYZw==",
      "license": "BSD-2-Clause",
      "engines": {
        "node": ">=12"
      },
      "funding": {
        "url": "https://dotenvx.com"
      }
    },
    "node_modules/event-iterator": {
      "version": "2.0.0",
      "resolved": "https://registry.npmjs.org/event-iterator/-/event-iterator-2.0.0.tgz",
      "integrity": "sha512-KGft0ldl31BZVV//jj+IAIGCxkvvUkkON+ScH6zfoX+l+omX6001ggyRSpI0Io2Hlro0ThXotswCtfzS8UkIiQ==",
      "license": "MIT"
    },
    "node_modules/js-logger": {
      "version": "1.6.1",
      "resolved": "https://registry.npmjs.org/js-logger/-/js-logger-1.6.1.tgz",
      "integrity": "sha512-yTgMCPXVjhmg28CuUH8CKjU+cIKL/G+zTu4Fn4lQxs8mRFH/03QTNvEFngcxfg/gRDiQAOoyCKmMTOm9ayOzXA==",
      "license": "MIT"
    },
    "node_modules/typescript": {
      "version": "6.0.3",
      "resolved": "https://registry.npmjs.org/typescript/-/typescript-6.0.3.tgz",
      "integrity": "sha512-y2TvuxSZPDyQakkFRPZHKFm+KKVqIisdg9/CZwm9ftvKXLP8NRWj38/ODjNbr43SsoXqNuAisEf1GdCxqWcdBw==",
      "dev": true,
      "license": "Apache-2.0",
      "bin": {
        "tsc": "bin/tsc",
        "tsserver": "bin/tsserver"
      },
      "engines": {
        "node": ">=14.17"
      }
    },
    "node_modules/undici": {
      "version": "7.26.0",
      "resolved": "https://registry.npmjs.org/undici/-/undici-7.26.0.tgz",
      "integrity": "sha512-3O9Tf67pGhgOv9jM35AbhkXAKi13f3oy3aE4CSgr+TckGeY+/iu97ZXN+J7DpHPzLbVApFd1IFhcnBjREYXYcg==",
      "license": "MIT",
      "engines": {
        "node": ">=20.18.1"
      }
    },
    "node_modules/undici-types": {
      "version": "6.21.0",
      "resolved": "https://registry.npmjs.org/undici-types/-/undici-types-6.21.0.tgz",
      "integrity": "sha512-iwDZqg0QAGrg9Rav5H4n0M64c3mkR59cJ6wQp+7C4nI0gsmExaedaYLNO44eT4AtBBwjbTiGPMlt2Md0T9H9JQ==",
      "dev": true,
      "license": "MIT"
    },
    "node_modules/user-agents": {
      "version": "2.1.77",
      "resolved": "https://registry.npmjs.org/user-agents/-/user-agents-2.1.77.tgz",
      "integrity": "sha512-jDCu+oSoKd7gvnPqzvy5Yzheon0TJWLs/WPYUF1a2yQmaZ/ZvuJ0cQTK10NourG/GbbGm3CL3UlxQLhOLXXwJQ==",
      "license": "BSD-2-Clause",
      "engines": {
        "node": ">=18"
      }
    }
  }
}
