{
  "name": "@hangtime/climbing-boards",
  "version": "1.0.104",
  "lockfileVersion": 3,
  "requires": true,
  "packages": {
    "": {
      "name": "@hangtime/climbing-boards",
      "version": "1.0.104",
      "license": "Unlicense",
      "dependencies": {
        "@powersync/node": "^1.0.1",
        "dotenv": "^18.0.1",
        "user-agents": "^2.1.188"
      },
      "devDependencies": {
        "@types/geojson": "^7946.0.16",
        "@types/node": "^22.20.4",
        "@types/user-agents": "^1.0.4",
        "typescript": "^6.0.3"
      },
      "engines": {
        "node": ">=22.18"
      }
    },
    "node_modules/@powersync/common": {
      "version": "2.2.1",
      "resolved": "https://registry.npmjs.org/@powersync/common/-/common-2.2.1.tgz",
      "integrity": "sha512-4+03E9ikc4jtczj4IJVi7zcvdfGDYXBKpKsVlLP+oCDweV9mil1U9sJ+11QCHAx3W2P4rqIOqwTPEYaTMaTi3w==",
      "license": "Apache-2.0"
    },
    "node_modules/@powersync/node": {
      "version": "1.0.1",
      "resolved": "https://registry.npmjs.org/@powersync/node/-/node-1.0.1.tgz",
      "integrity": "sha512-BXXKwZ3+sELOfZ0O4HrCXbFFhwktmZMrfBX7G15I8AW/Cs5R+79yG0aEe8dvFpJll6B6J0LhkB1j1aAvq9pZDA==",
      "license": "Apache-2.0",
      "dependencies": {
        "@powersync/common": "2.2.1",
        "@powersync/shared-internals": "1.2.0",
        "comlink": "^4.4.2",
        "undici": "^7.11.0"
      },
      "peerDependencies": {
        "@powersync/common": "^2.2.1",
        "better-sqlite3": "12.x"
      },
      "peerDependenciesMeta": {
        "better-sqlite3": {
          "optional": true
        }
      }
    },
    "node_modules/@powersync/shared-internals": {
      "version": "1.2.0",
      "resolved": "https://registry.npmjs.org/@powersync/shared-internals/-/shared-internals-1.2.0.tgz",
      "integrity": "sha512-wkSgKKcIo9It6axdDBfAJNxzQcfc6hVMlcycxoPSAuMIo/GnXuyi2bl3DpMaZWMutrXlkemPKG3y4nuqxLYpVA==",
      "license": "Apache-2.0",
      "peerDependencies": {
        "@powersync/common": "^2.2.0"
      }
    },
    "node_modules/@types/geojson": {
      "version": "7946.0.16",
      "resolved": "https://registry.npmjs.org/@types/geojson/-/geojson-7946.0.16.tgz",
      "integrity": "sha512-6C8nqWur3j98U6+lXDfTUWIfgvZU+EumvpHKcYjujKH7woYyLj2sUmff0tRhrqM7BohUw7Pz3ZB1jj2gW9Fvmg==",
      "dev": true,
      "license": "MIT"
    },
    "node_modules/@types/node": {
      "version": "22.20.4",
      "resolved": "https://registry.npmjs.org/@types/node/-/node-22.20.4.tgz",
      "integrity": "sha512-zJRE40jpHtKqE/C4fgHrAKQLJuSpzEnP9ff9Y7YtoR3Wd2pwqzlekDeEuUQXjRd+QCYnVnNwuJYmhdk9XV8gvA==",
      "dev": true,
      "license": "MIT",
      "dependencies": {
        "undici-types": "~6.21.0"
      }
    },
    "node_modules/@types/user-agents": {
      "version": "1.0.4",
      "resolved": "https://registry.npmjs.org/@types/user-agents/-/user-agents-1.0.4.tgz",
      "integrity": "sha512-AjeFc4oX5WPPflgKfRWWJfkEk7Wu82fnj1rROPsiqFt6yElpdGFg8Srtm/4PU4rA9UiDUZlruGPgcwTMQlwq4w==",
      "dev": true,
      "license": "MIT"
    },
    "node_modules/comlink": {
      "version": "4.4.2",
      "resolved": "https://registry.npmjs.org/comlink/-/comlink-4.4.2.tgz",
      "integrity": "sha512-OxGdvBmJuNKSCMO4NTl1L47VRp6xn2wG4F/2hYzB6tiCb709otOxtEYCSvK80PtjODfXXZu8ds+Nw5kVCjqd2g==",
      "license": "Apache-2.0"
    },
    "node_modules/dotenv": {
      "version": "18.0.1",
      "resolved": "https://registry.npmjs.org/dotenv/-/dotenv-18.0.1.tgz",
      "integrity": "sha512-0eR4m4D/jH5eaI3evo2ZqqMii5mrTCR12v12VChdie6O1gPHs7XAjzTep0CWc1Bd+oNx3vVfbi734dK4zghigw==",
      "license": "BSD-2-Clause",
      "bin": {
        "dotenv": "dist/index.cjs"
      },
      "engines": {
        "node": ">=12"
      },
      "funding": {
        "url": "https://dotenvx.com"
      }
    },
    "node_modules/typescript": {
      "version": "6.0.3",
      "resolved": "https://registry.npmjs.org/typescript/-/typescript-6.0.3.tgz",
      "integrity": "sha512-y2TvuxSZPDyQakkFRPZHKFm+KKVqIisdg9/CZwm9ftvKXLP8NRWj38/ODjNbr43SsoXqNuAisEf1GdCxqWcdBw==",
      "dev": true,
      "license": "Apache-2.0",
      "bin": {
        "tsc": "bin/tsc",
        "tsserver": "bin/tsserver"
      },
      "engines": {
        "node": ">=14.17"
      }
    },
    "node_modules/undici": {
      "version": "7.29.1",
      "resolved": "https://registry.npmjs.org/undici/-/undici-7.29.1.tgz",
      "integrity": "sha512-RYONW2MeafgYlkVOKYKkA/Ag7BmXqgIWCa8t1m0JcxrQg9pI9lEqRhAOruOBCbAohOa/gkCF+iPi9hrgvTzu6Q==",
      "license": "MIT",
      "engines": {
        "node": ">=20.18.1"
      }
    },
    "node_modules/undici-types": {
      "version": "6.21.0",
      "resolved": "https://registry.npmjs.org/undici-types/-/undici-types-6.21.0.tgz",
      "integrity": "sha512-iwDZqg0QAGrg9Rav5H4n0M64c3mkR59cJ6wQp+7C4nI0gsmExaedaYLNO44eT4AtBBwjbTiGPMlt2Md0T9H9JQ==",
      "dev": true,
      "license": "MIT"
    },
    "node_modules/user-agents": {
      "version": "2.1.188",
      "resolved": "https://registry.npmjs.org/user-agents/-/user-agents-2.1.188.tgz",
      "integrity": "sha512-RUO/DrwEs6jAbnmuGDjZ+kxy3xnxWwp71Ttg0Vcp16QrpDJy+Sjs7hvD3DNDhsEIsD5niX6Cv3mc/338SRf6Bg==",
      "license": "BSD-2-Clause",
      "engines": {
        "node": ">=18"
      }
    }
  }
}
